// !$*UTF8*$!
{
	archiveVersion = 1;
	classes = {
	};
	objectVersion = 46;
	objects = {

/* Begin PBXBuildFile section */
		49CF926019B9ED3F00D4DDE1 /* Foundation.framework in Frameworks */ = {isa = PBXBuildFile; fileRef = 49CF925F19B9ED3F00D4DDE1 /* Foundation.framework */; };
		49CF926219B9ED3F00D4DDE1 /* CoreGraphics.framework in Frameworks */ = {isa = PBXBuildFile; fileRef = 49CF926119B9ED3F00D4DDE1 /* CoreGraphics.framework */; };
		49CF926419B9ED3F00D4DDE1 /* UIKit.framework in Frameworks */ = {isa = PBXBuildFile; fileRef = 49CF926319B9ED3F00D4DDE1 /* UIKit.framework */; };
		49CF926A19B9ED3F00D4DDE1 /* InfoPlist.strings in Resources */ = {isa = PBXBuildFile; fileRef = 49CF926819B9ED3F00D4DDE1 /* InfoPlist.strings */; };
		49CF926C19B9ED3F00D4DDE1 /* main.m in Sources */ = {isa = PBXBuildFile; fileRef = 49CF926B19B9ED3F00D4DDE1 /* main.m */; };
		49CF927019B9ED3F00D4DDE1 /* AppDelegate.m in Sources */ = {isa = PBXBuildFile; fileRef = 49CF926F19B9ED3F00D4DDE1 /* AppDelegate.m */; };
		49CF927319B9ED3F00D4DDE1 /* Main.storyboard in Resources */ = {isa = PBXBuildFile; fileRef = 49CF927119B9ED3F00D4DDE1 /* Main.storyboard */; };
		49CF927619B9ED3F00D4DDE1 /* FirstViewController.m in Sources */ = {isa = PBXBuildFile; fileRef = 49CF927519B9ED3F00D4DDE1 /* FirstViewController.m */; };
		49CF927819B9ED3F00D4DDE1 /* Images.xcassets in Resources */ = {isa = PBXBuildFile; fileRef = 49CF927719B9ED3F00D4DDE1 /* Images.xcassets */; };
		49CF927F19B9ED3F00D4DDE1 /* XCTest.framework in Frameworks */ = {isa = PBXBuildFile; fileRef = 49CF927E19B9ED3F00D4DDE1 /* XCTest.framework */; };
		49CF928019B9ED3F00D4DDE1 /* Foundation.framework in Frameworks */ = {isa = PBXBuildFile; fileRef = 49CF925F19B9ED3F00D4DDE1 /* Foundation.framework */; };
		49CF928119B9ED3F00D4DDE1 /* UIKit.framework in Frameworks */ = {isa = PBXBuildFile; fileRef = 49CF926319B9ED3F00D4DDE1 /* UIKit.framework */; };
		49CF928919B9ED3F00D4DDE1 /* InfoPlist.strings in Resources */ = {isa = PBXBuildFile; fileRef = 49CF928719B9ED3F00D4DDE1 /* InfoPlist.strings */; };
		49CF928B19B9ED3F00D4DDE1 /* LTSharedViewTransitionTests.m in Sources */ = {isa = PBXBuildFile; fileRef = 49CF928A19B9ED3F00D4DDE1 /* LTSharedViewTransitionTests.m */; };
		49CF929619B9ED6300D4DDE1 /* SecondViewController.m in Sources */ = {isa = PBXBuildFile; fileRef = 49CF929519B9ED6300D4DDE1 /* SecondViewController.m */; };
		49CF929919B9ED9100D4DDE1 /* LTSharedViewTransition.m in Sources */ = {isa = PBXBuildFile; fileRef = 49CF929819B9ED9100D4DDE1 /* LTSharedViewTransition.m */; };
/* End PBXBuildFile section */

/* Begin PBXContainerItemProxy section */
		49CF928219B9ED3F00D4DDE1 /* PBXContainerItemProxy */ = {
			isa = PBXContainerItemProxy;
			containerPortal = 49CF925419B9ED3F00D4DDE1 /* Project object */;
			proxyType = 1;
			remoteGlobalIDString = 49CF925B19B9ED3F00D4DDE1;
			remoteInfo = LTSharedViewTransition;
		};
/* End PBXContainerItemProxy section */

/* Begin PBXFileReference section */
		49CF925C19B9ED3F00D4DDE1 /* LTSharedViewTransition.app */ = {isa = PBXFileReference; explicitFileType = wrapper.application; includeInIndex = 0; path = LTSharedViewTransition.app; sourceTree = BUILT_PRODUCTS_DIR; };
		49CF925F19B9ED3F00D4DDE1 /* Foundation.framework */ = {isa = PBXFileReference; lastKnownFileType = wrapper.framework; name = Foundation.framework; path = System/Library/Frameworks/Foundation.framework; sourceTree = SDKROOT; };
		49CF926119B9ED3F00D4DDE1 /* CoreGraphics.framework */ = {isa = PBXFileReference; lastKnownFileType = wrapper.framework; name = CoreGraphics.framework; path = System/Library/Frameworks/CoreGraphics.framework; sourceTree = SDKROOT; };
		49CF926319B9ED3F00D4DDE1 /* UIKit.framework */ = {isa = PBXFileReference; lastKnownFileType = wrapper.framework; name = UIKit.framework; path = System/Library/Frameworks/UIKit.framework; sourceTree = SDKROOT; };
		49CF926719B9ED3F00D4DDE1 /* LTSharedViewTransition-Info.plist */ = {isa = PBXFileReference; lastKnownFileType = text.plist.xml; path = "LTSharedViewTransition-Info.plist"; sourceTree = "<group>"; };
		49CF926919B9ED3F00D4DDE1 /* en */ = {isa = PBXFileReference; lastKnownFileType = text.plist.strings; name = en; path = en.lproj/InfoPlist.strings; sourceTree = "<group>"; };
		49CF926B19B9ED3F00D4DDE1 /* main.m */ = {isa = PBXFileReference; lastKnownFileType = sourcecode.c.objc; path = main.m; sourceTree = "<group>"; };
		49CF926D19B9ED3F00D4DDE1 /* LTSharedViewTransition-Prefix.pch */ = {isa = PBXFileReference; lastKnownFileType = sourcecode.c.h; path = "LTSharedViewTransition-Prefix.pch"; sourceTree = "<group>"; };
		49CF926E19B9ED3F00D4DDE1 /* AppDelegate.h */ = {isa = PBXFileReference; lastKnownFileType = sourcecode.c.h; path = AppDelegate.h; sourceTree = "<group>"; };
		49CF926F19B9ED3F00D4DDE1 /* AppDelegate.m */ = {isa = PBXFileReference; lastKnownFileType = sourcecode.c.objc; path = AppDelegate.m; sourceTree = "<group>"; };
		49CF927219B9ED3F00D4DDE1 /* Base */ = {isa = PBXFileReference; lastKnownFileType = file.storyboard; name = Base; path = Base.lproj/Main.storyboard; sourceTree = "<group>"; };
		49CF927419B9ED3F00D4DDE1 /* FirstViewController.h */ = {isa = PBXFileReference; lastKnownFileType = sourcecode.c.h; path = FirstViewController.h; sourceTree = "<group>"; };
		49CF927519B9ED3F00D4DDE1 /* FirstViewController.m */ = {isa = PBXFileReference; lastKnownFileType = sourcecode.c.objc; path = FirstViewController.m; sourceTree = "<group>"; };
		49CF927719B9ED3F00D4DDE1 /* Images.xcassets */ = {isa = PBXFileReference; lastKnownFileType = folder.assetcatalog; path = Images.xcassets; sourceTree = "<group>"; };
		49CF927D19B9ED3F00D4DDE1 /* LTSharedViewTransitionTests.xctest */ = {isa = PBXFileReference; explicitFileType = wrapper.cfbundle; includeInIndex = 0; path = LTSharedViewTransitionTests.xctest; sourceTree = BUILT_PRODUCTS_DIR; };
		49CF927E19B9ED3F00D4DDE1 /* XCTest.framework */ = {isa = PBXFileReference; lastKnownFileType = wrapper.framework; name = XCTest.framework; path = Library/Frameworks/XCTest.framework; sourceTree = DEVELOPER_DIR; };
		49CF928619B9ED3F00D4DDE1 /* LTSharedViewTransitionTests-Info.plist */ = {isa = PBXFileReference; lastKnownFileType = text.plist.xml; path = "LTSharedViewTransitionTests-Info.plist"; sourceTree = "<group>"; };
		49CF928819B9ED3F00D4DDE1 /* en */ = {isa = PBXFileReference; lastKnownFileType = text.plist.strings; name = en; path = en.lproj/InfoPlist.strings; sourceTree = "<group>"; };
		49CF928A19B9ED3F00D4DDE1 /* LTSharedViewTransitionTests.m */ = {isa = PBXFileReference; lastKnownFileType = sourcecode.c.objc; path = LTSharedViewTransitionTests.m; sourceTree = "<group>"; };
		49CF929419B9ED6300D4DDE1 /* SecondViewController.h */ = {isa = PBXFileReference; fileEncoding = 4; lastKnownFileType = sourcecode.c.h; path = SecondViewController.h; sourceTree = "<group>"; };
		49CF929519B9ED6300D4DDE1 /* SecondViewController.m */ = {isa = PBXFileReference; fileEncoding = 4; lastKnownFileType = sourcecode.c.objc; path = SecondViewController.m; sourceTree = "<group>"; };
		49CF929719B9ED9100D4DDE1 /* LTSharedViewTransition.h */ = {isa = PBXFileReference; fileEncoding = 4; lastKnownFileType = sourcecode.c.h; path = LTSharedViewTransition.h; sourceTree = "<group>"; };
		49CF929819B9ED9100D4DDE1 /* LTSharedViewTransition.m */ = {isa = PBXFileReference; fileEncoding = 4; lastKnownFileType = sourcecode.c.objc; path = LTSharedViewTransition.m; sourceTree = "<group>"; };
/* End PBXFileReference section */

/* Begin PBXFrameworksBuildPhase section */
		49CF925919B9ED3F00D4DDE1 /* Frameworks */ = {
			isa = PBXFrameworksBuildPhase;
			buildActionMask = 2147483647;
			files = (
				49CF926219B9ED3F00D4DDE1 /* CoreGraphics.framework in Frameworks */,
				49CF926419B9ED3F00D4DDE1 /* UIKit.framework in Frameworks */,
				49CF926019B9ED3F00D4DDE1 /* Foundation.framework in Frameworks */,
			);
			runOnlyForDeploymentPostprocessing = 0;
		};
		49CF927A19B9ED3F00D4DDE1 /* Frameworks */ = {
			isa = PBXFrameworksBuildPhase;
			buildActionMask = 2147483647;
			files = (
				49CF927F19B9ED3F00D4DDE1 /* XCTest.framework in Frameworks */,
				49CF928119B9ED3F00D4DDE1 /* UIKit.framework in Frameworks */,
				49CF928019B9ED3F00D4DDE1 /* Foundation.framework in Frameworks */,
			);
			runOnlyForDeploymentPostprocessing = 0;
		};
/* End PBXFrameworksBuildPhase section */

/* Begin PBXGroup section */
		49CF925319B9ED3F00D4DDE1 = {
			isa = PBXGroup;
			children = (
				49CF926519B9ED3F00D4DDE1 /* LTSharedViewTransition */,
				49CF928419B9ED3F00D4DDE1 /* LTSharedViewTransitionTests */,
				49CF925E19B9ED3F00D4DDE1 /* Frameworks */,
				49CF925D19B9ED3F00D4DDE1 /* Products */,
			);
			sourceTree = "<group>";
		};
		49CF925D19B9ED3F00D4DDE1 /* Products */ = {
			isa = PBXGroup;
			children = (
				49CF925C19B9ED3F00D4DDE1 /* LTSharedViewTransition.app */,
				49CF927D19B9ED3F00D4DDE1 /* LTSharedViewTransitionTests.xctest */,
			);
			name = Products;
			sourceTree = "<group>";
		};
		49CF925E19B9ED3F00D4DDE1 /* Frameworks */ = {
			isa = PBXGroup;
			children = (
				49CF925F19B9ED3F00D4DDE1 /* Foundation.framework */,
				49CF926119B9ED3F00D4DDE1 /* CoreGraphics.framework */,
				49CF926319B9ED3F00D4DDE1 /* UIKit.framework */,
				49CF927E19B9ED3F00D4DDE1 /* XCTest.framework */,
			);
			name = Frameworks;
			sourceTree = "<group>";
		};
		49CF926519B9ED3F00D4DDE1 /* LTSharedViewTransition */ = {
			isa = PBXGroup;
			children = (
				49CF929719B9ED9100D4DDE1 /* LTSharedViewTransition.h */,
				49CF929819B9ED9100D4DDE1 /* LTSharedViewTransition.m */,
				49CF926E19B9ED3F00D4DDE1 /* AppDelegate.h */,
				49CF926F19B9ED3F00D4DDE1 /* AppDelegate.m */,
				49CF927119B9ED3F00D4DDE1 /* Main.storyboard */,
				49CF927419B9ED3F00D4DDE1 /* FirstViewController.h */,
				49CF927519B9ED3F00D4DDE1 /* FirstViewController.m */,
				49CF929419B9ED6300D4DDE1 /* SecondViewController.h */,
				49CF929519B9ED6300D4DDE1 /* SecondViewController.m */,
				49CF927719B9ED3F00D4DDE1 /* Images.xcassets */,
				49CF926619B9ED3F00D4DDE1 /* Supporting Files */,
			);
			path = LTSharedViewTransition;
			sourceTree = "<group>";
		};
		49CF926619B9ED3F00D4DDE1 /* Supporting Files */ = {
			isa = PBXGroup;
			children = (
				49CF926719B9ED3F00D4DDE1 /* LTSharedViewTransition-Info.plist */,
				49CF926819B9ED3F00D4DDE1 /* InfoPlist.strings */,
				49CF926B19B9ED3F00D4DDE1 /* main.m */,
				49CF926D19B9ED3F00D4DDE1 /* LTSharedViewTransition-Prefix.pch */,
			);
			name = "Supporting Files";
			sourceTree = "<group>";
		};
		49CF928419B9ED3F00D4DDE1 /* LTSharedViewTransitionTests */ = {
			isa = PBXGroup;
			children = (
				49CF928A19B9ED3F00D4DDE1 /* LTSharedViewTransitionTests.m */,
				49CF928519B9ED3F00D4DDE1 /* Supporting Files */,
			);
			path = LTSharedViewTransitionTests;
			sourceTree = "<group>";
		};
		49CF928519B9ED3F00D4DDE1 /* Supporting Files */ = {
			isa = PBXGroup;
			children = (
				49CF928619B9ED3F00D4DDE1 /* LTSharedViewTransitionTests-Info.plist */,
				49CF928719B9ED3F00D4DDE1 /* InfoPlist.strings */,
			);
			name = "Supporting Files";
			sourceTree = "<group>";
		};
/* End PBXGroup section */

/* Begin PBXNativeTarget section */
		49CF925B19B9ED3F00D4DDE1 /* LTSharedViewTransition */ = {
			isa = PBXNativeTarget;
			buildConfigurationList = 49CF928E19B9ED3F00D4DDE1 /* Build configuration list for PBXNativeTarget "LTSharedViewTransition" */;
			buildPhases = (
				49CF925819B9ED3F00D4DDE1 /* Sources */,
				49CF925919B9ED3F00D4DDE1 /* Frameworks */,
				49CF925A19B9ED3F00D4DDE1 /* Resources */,
			);
			buildRules = (
			);
			dependencies = (
			);
			name = LTSharedViewTransition;
			productName = LTSharedViewTransition;
			productReference = 49CF925C19B9ED3F00D4DDE1 /* LTSharedViewTransition.app */;
			productType = "com.apple.product-type.application";
		};
		49CF927C19B9ED3F00D4DDE1 /* LTSharedViewTransitionTests */ = {
			isa = PBXNativeTarget;
			buildConfigurationList = 49CF929119B9ED3F00D4DDE1 /* Build configuration list for PBXNativeTarget "LTSharedViewTransitionTests" */;
			buildPhases = (
				49CF927919B9ED3F00D4DDE1 /* Sources */,
				49CF927A19B9ED3F00D4DDE1 /* Frameworks */,
				49CF927B19B9ED3F00D4DDE1 /* Resources */,
			);
			buildRules = (
			);
			dependencies = (
				49CF928319B9ED3F00D4DDE1 /* PBXTargetDependency */,
			);
			name = LTSharedViewTransitionTests;
			productName = LTSharedViewTransitionTests;
			productReference = 49CF927D19B9ED3F00D4DDE1 /* LTSharedViewTransitionTests.xctest */;
			productType = "com.apple.product-type.bundle.unit-test";
		};
/* End PBXNativeTarget section */

/* Begin PBXProject section */
		49CF925419B9ED3F00D4DDE1 /* Project object */ = {
			isa = PBXProject;
			attributes = {
				LastUpgradeCheck = 0510;
				ORGANIZATIONNAME = ltebean;
				TargetAttributes = {
					49CF927C19B9ED3F00D4DDE1 = {
						TestTargetID = 49CF925B19B9ED3F00D4DDE1;
					};
				};
			};
			buildConfigurationList = 49CF925719B9ED3F00D4DDE1 /* Build configuration list for PBXProject "LTSharedViewTransition" */;
			compatibilityVersion = "Xcode 3.2";
			developmentRegion = English;
			hasScannedForEncodings = 0;
			knownRegions = (
				en,
				Base,
			);
			mainGroup = 49CF925319B9ED3F00D4DDE1;
			productRefGroup = 49CF925D19B9ED3F00D4DDE1 /* Products */;
			projectDirPath = "";
			projectRoot = "";
			targets = (
				49CF925B19B9ED3F00D4DDE1 /* LTSharedViewTransition */,
				49CF927C19B9ED3F00D4DDE1 /* LTSharedViewTransitionTests */,
			);
		};
/* End PBXProject section */

/* Begin PBXResourcesBuildPhase section */
		49CF925A19B9ED3F00D4DDE1 /* Resources */ = {
			isa = PBXResourcesBuildPhase;
			buildActionMask = 2147483647;
			files = (
				49CF927819B9ED3F00D4DDE1 /* Images.xcassets in Resources */,
				49CF926A19B9ED3F00D4DDE1 /* InfoPlist.strings in Resources */,
				49CF927319B9ED3F00D4DDE1 /* Main.storyboard in Resources */,
			);
			runOnlyForDeploymentPostprocessing = 0;
		};
		49CF927B19B9ED3F00D4DDE1 /* Resources */ = {
			isa = PBXResourcesBuildPhase;
			buildActionMask = 2147483647;
			files = (
				49CF928919B9ED3F00D4DDE1 /* InfoPlist.strings in Resources */,
			);
			runOnlyForDeploymentPostprocessing = 0;
		};
/* End PBXResourcesBuildPhase section */

/* Begin PBXSourcesBuildPhase section */
		49CF925819B9ED3F00D4DDE1 /* Sources */ = {
			isa = PBXSourcesBuildPhase;
			buildActionMask = 2147483647;
			files = (
				49CF929619B9ED6300D4DDE1 /* SecondViewController.m in Sources */,
				49CF929919B9ED9100D4DDE1 /* LTSharedViewTransition.m in Sources */,
				49CF927619B9ED3F00D4DDE1 /* FirstViewController.m in Sources */,
				49CF927019B9ED3F00D4DDE1 /* AppDelegate.m in Sources */,
				49CF926C19B9ED3F00D4DDE1 /* main.m in Sources */,
			);
			runOnlyForDeploymentPostprocessing = 0;
		};
		49CF927919B9ED3F00D4DDE1 /* Sources */ = {
			isa = PBXSourcesBuildPhase;
			buildActionMask = 2147483647;
			files = (
				49CF928B19B9ED3F00D4DDE1 /* LTSharedViewTransitionTests.m in Sources */,
			);
			runOnlyForDeploymentPostprocessing = 0;
		};
/* End PBXSourcesBuildPhase section */

/* Begin PBXTargetDependency section */
		49CF928319B9ED3F00D4DDE1 /* PBXTargetDependency */ = {
			isa = PBXTargetDependency;
			target = 49CF925B19B9ED3F00D4DDE1 /* LTSharedViewTransition */;
			targetProxy = 49CF928219B9ED3F00D4DDE1 /* PBXContainerItemProxy */;
		};
/* End PBXTargetDependency section */

/* Begin PBXVariantGroup section */
		49CF926819B9ED3F00D4DDE1 /* InfoPlist.strings */ = {
			isa = PBXVariantGroup;
			children = (
				49CF926919B9ED3F00D4DDE1 /* en */,
			);
			name = InfoPlist.strings;
			sourceTree = "<group>";
		};
		49CF927119B9ED3F00D4DDE1 /* Main.storyboard */ = {
			isa = PBXVariantGroup;
			children = (
				49CF927219B9ED3F00D4DDE1 /* Base */,
			);
			name = Main.storyboard;
			sourceTree = "<group>";
		};
		49CF928719B9ED3F00D4DDE1 /* InfoPlist.strings */ = {
			isa = PBXVariantGroup;
			children = (
				49CF928819B9ED3F00D4DDE1 /* en */,
			);
			name = InfoPlist.strings;
			sourceTree = "<group>";
		};
/* End PBXVariantGroup section */

/* Begin XCBuildConfiguration section */
		49CF928C19B9ED3F00D4DDE1 /* Debug */ = {
			isa = XCBuildConfiguration;
			buildSettings = {
				ALWAYS_SEARCH_USER_PATHS = NO;
				CLANG_CXX_LANGUAGE_STANDARD = "gnu++0x";
				CLANG_CXX_LIBRARY = "libc++";
				CLANG_ENABLE_MODULES = YES;
				CLANG_ENABLE_OBJC_ARC = YES;
				CLANG_WARN_BOOL_CONVERSION = YES;
				CLANG_WARN_CONSTANT_CONVERSION = YES;
				CLANG_WARN_DIRECT_OBJC_ISA_USAGE = YES_ERROR;
				CLANG_WARN_EMPTY_BODY = YES;
				CLANG_WARN_ENUM_CONVERSION = YES;
				CLANG_WARN_INT_CONVERSION = YES;
				CLANG_WARN_OBJC_ROOT_CLASS = YES_ERROR;
				CLANG_WARN__DUPLICATE_METHOD_MATCH = YES;
				"CODE_SIGN_IDENTITY[sdk=iphoneos*]" = "iPhone Developer";
				COPY_PHASE_STRIP = NO;
				GCC_C_LANGUAGE_STANDARD = gnu99;
				GCC_DYNAMIC_NO_PIC = NO;
				GCC_OPTIMIZATION_LEVEL = 0;
				GCC_PREPROCESSOR_DEFINITIONS = (
					"DEBUG=1",
					"$(inherited)",
				);
				GCC_SYMBOLS_PRIVATE_EXTERN = NO;
				GCC_WARN_64_TO_32_BIT_CONVERSION = YES;
				GCC_WARN_ABOUT_RETURN_TYPE = YES_ERROR;
				GCC_WARN_UNDECLARED_SELECTOR = YES;
				GCC_WARN_UNINITIALIZED_AUTOS = YES_AGGRESSIVE;
				GCC_WARN_UNUSED_FUNCTION = YES;
				GCC_WARN_UNUSED_VARIABLE = YES;
				IPHONEOS_DEPLOYMENT_TARGET = 7.1;
				ONLY_ACTIVE_ARCH = YES;
				SDKROOT = iphoneos;
			};
			name = Debug;
		};
		49CF928D19B9ED3F00D4DDE1 /* Release */ = {
			isa = XCBuildConfiguration;
			buildSettings = {
				ALWAYS_SEARCH_USER_PATHS = NO;
				CLANG_CXX_LANGUAGE_STANDARD = "gnu++0x";
				CLANG_CXX_LIBRARY = "libc++";
				CLANG_ENABLE_MODULES = YES;
				CLANG_ENABLE_OBJC_ARC = YES;
				CLANG_WARN_BOOL_CONVERSION = YES;
				CLANG_WARN_CONSTANT_CONVERSION = YES;
				CLANG_WARN_DIRECT_OBJC_ISA_USAGE = YES_ERROR;
				CLANG_WARN_EMPTY_BODY = YES;
				CLANG_WARN_ENUM_CONVERSION = YES;
				CLANG_WARN_INT_CONVERSION = YES;
				CLANG_WARN_OBJC_ROOT_CLASS = YES_ERROR;
				CLANG_WARN__DUPLICATE_METHOD_MATCH = YES;
				"CODE_SIGN_IDENTITY[sdk=iphoneos*]" = "iPhone Developer";
				COPY_PHASE_STRIP = YES;
				ENABLE_NS_ASSERTIONS = NO;
				GCC_C_LANGUAGE_STANDARD = gnu99;
				GCC_WARN_64_TO_32_BIT_CONVERSION = YES;
				GCC_WARN_ABOUT_RETURN_TYPE = YES_ERROR;
				GCC_WARN_UNDECLARED_SELECTOR = YES;
				GCC_WARN_UNINITIALIZED_AUTOS = YES_AGGRESSIVE;
				GCC_WARN_UNUSED_FUNCTION = YES;
				GCC_WARN_UNUSED_VARIABLE = YES;
				IPHONEOS_DEPLOYMENT_TARGET = 7.1;
				SDKROOT = iphoneos;
				VALIDATE_PRODUCT = YES;
			};
			name = Release;
		};
		49CF928F19B9ED3F00D4DDE1 /* Debug */ = {
			isa = XCBuildConfiguration;
			buildSettings = {
				ASSETCATALOG_COMPILER_APPICON_NAME = AppIcon;
				ASSETCATALOG_COMPILER_LAUNCHIMAGE_NAME = LaunchImage;
				GCC_PRECOMPILE_PREFIX_HEADER = YES;
				GCC_PREFIX_HEADER = "LTSharedViewTransition/LTSharedViewTransition-Prefix.pch";
				INFOPLIST_FILE = "LTSharedViewTransition/LTSharedViewTransition-Info.plist";
				PRODUCT_NAME = "$(TARGET_NAME)";
				WRAPPER_EXTENSION = app;
			};
			name = Debug;
		};
		49CF929019B9ED3F00D4DDE1 /* Release */ = {
			isa = XCBuildConfiguration;
			buildSettings = {
				ASSETCATALOG_COMPILER_APPICON_NAME = AppIcon;
				ASSETCATALOG_COMPILER_LAUNCHIMAGE_NAME = LaunchImage;
				GCC_PRECOMPILE_PREFIX_HEADER = YES;
				GCC_PREFIX_HEADER = "LTSharedViewTransition/LTSharedViewTransition-Prefix.pch";
				INFOPLIST_FILE = "LTSharedViewTransition/LTSharedViewTransition-Info.plist";
				PRODUCT_NAME = "$(TARGET_NAME)";
				WRAPPER_EXTENSION = app;
			};
			name = Release;
		};
		49CF929219B9ED3F00D4DDE1 /* Debug */ = {
			isa = XCBuildConfiguration;
			buildSettings = {
				BUNDLE_LOADER = "$(BUILT_PRODUCTS_DIR)/LTSharedViewTransition.app/LTSharedViewTransition";
				FRAMEWORK_SEARCH_PATHS = (
					"$(SDKROOT)/Developer/Library/Frameworks",
					"$(inherited)",
					"$(DEVELOPER_FRAMEWORKS_DIR)",
				);
				GCC_PRECOMPILE_PREFIX_HEADER = YES;
				GCC_PREFIX_HEADER = "LTSharedViewTransition/LTSharedViewTransition-Prefix.pch";
				GCC_PREPROCESSOR_DEFINITIONS = (
					"DEBUG=1",
					"$(inherited)",
				);
				INFOPLIST_FILE = "LTSharedViewTransitionTests/LTSharedViewTransitionTests-Info.plist";
				PRODUCT_NAME = "$(TARGET_NAME)";
				TEST_HOST = "$(BUNDLE_LOADER)";
				WRAPPER_EXTENSION = xctest;
			};
			name = Debug;
		};
		49CF929319B9ED3F00D4DDE1 /* Release */ = {
			isa = XCBuildConfiguration;
			buildSettings = {
				BUNDLE_LOADER = "$(BUILT_PRODUCTS_DIR)/LTSharedViewTransition.app/LTSharedViewTransition";
				FRAMEWORK_SEARCH_PATHS = (
					"$(SDKROOT)/Developer/Library/Frameworks",
					"$(inherited)",
					"$(DEVELOPER_FRAMEWORKS_DIR)",
				);
				GCC_PRECOMPILE_PREFIX_HEADER = YES;
				GCC_PREFIX_HEADER = "LTSharedViewTransition/LTSharedViewTransition-Prefix.pch";
				INFOPLIST_FILE = "LTSharedViewTransitionTests/LTSharedViewTransitionTests-Info.plist";
				PRODUCT_NAME = "$(TARGET_NAME)";
				TEST_HOST = "$(BUNDLE_LOADER)";
				WRAPPER_EXTENSION = xctest;
			};
			name = Release;
		};
/* End XCBuildConfiguration section */

/* Begin XCConfigurationList section */
		49CF925719B9ED3F00D4DDE1 /* Build configuration list for PBXProject "LTSharedViewTransition" */ = {
			isa = XCConfigurationList;
			buildConfigurations = (
				49CF928C19B9ED3F00D4DDE1 /* Debug */,
				49CF928D19B9ED3F00D4DDE1 /* Release */,
			);
			defaultConfigurationIsVisible = 0;
			defaultConfigurationName = Release;
		};
		49CF928E19B9ED3F00D4DDE1 /* Build configuration list for PBXNativeTarget "LTSharedViewTransition" */ = {
			isa = XCConfigurationList;
			buildConfigurations = (
				49CF928F19B9ED3F00D4DDE1 /* Debug */,
				49CF929019B9ED3F00D4DDE1 /* Release */,
			);
			defaultConfigurationIsVisible = 0;
			defaultConfigurationName = Release;
		};
		49CF929119B9ED3F00D4DDE1 /* Build configuration list for PBXNativeTarget "LTSharedViewTransitionTests" */ = {
			isa = XCConfigurationList;
			buildConfigurations = (
				49CF929219B9ED3F00D4DDE1 /* Debug */,
				49CF929319B9ED3F00D4DDE1 /* Release */,
			);
			defaultConfigurationIsVisible = 0;
			defaultConfigurationName = Release;
		};
/* End XCConfigurationList section */
	};
	rootObject = 49CF925419B9ED3F00D4DDE1 /* Project object */;
}
